
Microsoft Visual Studio Solution File, Format Version 12.00
# Visual Studio Version 17
VisualStudioVersion = 17.12.35527.113
MinimumVisualStudioVersion = 10.0.40219.1
Project("{2150E333-8FDC-42A3-9474-1A3956D46DE8}") = "src", "src", "{12D5729F-F69D-4500-8224-0EF98C467AD4}"
EndProject
Project("{2150E333-8FDC-42A3-9474-1A3956D46DE8}") = "docs", "docs", "{0E2DAB0E-4582-45C3-B11C-B64FD89AA39C}"
EndProject
Project("{2150E333-8FDC-42A3-9474-1A3956D46DE8}") = "Common", "Common", "{33B45816-1818-466E-A8CC-863364A96A93}"
EndProject
Project("{2150E333-8FDC-42A3-9474-1A3956D46DE8}") = "EndPoints", "EndPoints", "{ADED2A0B-D909-4A29-98EC-9CC30AA10735}"
EndProject
Project("{2150E333-8FDC-42A3-9474-1A3956D46DE8}") = "Modules", "Modules", "{F68C697A-5B87-4F08-A374-BE2E25D324C2}"
EndProject
Project("{2150E333-8FDC-42A3-9474-1A3956D46DE8}") = "Blog", "Blog", "{4A29C200-3FF1-40CB-8FD3-A188E4D2D4C5}"
EndProject
Project("{FAE04EC0-301F-11D3-BF4B-00C04F79EFBC}") = "BlogModule", "src\Modules\Blog\BlogModule\BlogModule.csproj", "{DC215A81-D386-4D8A-AF24-89D31FC95770}"
EndProject
Project("{FAE04EC0-301F-11D3-BF4B-00C04F79EFBC}") = "Common.Domain", "src\Common\Common.Domain\Common.Domain.csproj", "{312070B7-309C-4B16-9A64-2D690061D912}"
EndProject
Project("{FAE04EC0-301F-11D3-BF4B-00C04F79EFBC}") = "Common.Application", "src\Common\Common.Application\Common.Application.csproj", "{0E811AC0-CBE5-420F-9CEA-104A161C4198}"
EndProject
Project("{FAE04EC0-301F-11D3-BF4B-00C04F79EFBC}") = "Common.Infrastructure", "src\Common\Common.Infrastructure\Common.Infrastructure.csproj", "{5EE23688-43BE-4E17-9A60-B01E10BF4943}"
EndProject
Project("{FAE04EC0-301F-11D3-BF4B-00C04F79EFBC}") = "BlogModule.UnitTests", "src\Modules\Blog\BlogModule.UnitTests\BlogModule.UnitTests.csproj", "{69D1A960-A5D8-4938-9EBA-0BA0D4B2B66C}"
EndProject
Project("{2150E333-8FDC-42A3-9474-1A3956D46DE8}") = "Ticket", "Ticket", "{C15B4AFF-9EDC-407A-B87B-EEA5902A74C0}"
EndProject
Project("{FAE04EC0-301F-11D3-BF4B-00C04F79EFBC}") = "TicketModule", "src\Modules\Ticket\TicketModule\TicketModule.csproj", "{FB51658F-4454-4594-92A2-23F0A6F263EB}"
EndProject
Global
	GlobalSection(SolutionConfigurationPlatforms) = preSolution
		Debug|Any CPU = Debug|Any CPU
		Release|Any CPU = Release|Any CPU
	EndGlobalSection
	GlobalSection(ProjectConfigurationPlatforms) = postSolution
		{DC215A81-D386-4D8A-AF24-89D31FC95770}.Debug|Any CPU.ActiveCfg = Debug|Any CPU
		{DC215A81-D386-4D8A-AF24-89D31FC95770}.Debug|Any CPU.Build.0 = Debug|Any CPU
		{DC215A81-D386-4D8A-AF24-89D31FC95770}.Release|Any CPU.ActiveCfg = Release|Any CPU
		{DC215A81-D386-4D8A-AF24-89D31FC95770}.Release|Any CPU.Build.0 = Release|Any CPU
		{312070B7-309C-4B16-9A64-2D690061D912}.Debug|Any CPU.ActiveCfg = Debug|Any CPU
		{312070B7-309C-4B16-9A64-2D690061D912}.Debug|Any CPU.Build.0 = Debug|Any CPU
		{312070B7-309C-4B16-9A64-2D690061D912}.Release|Any CPU.ActiveCfg = Release|Any CPU
		{312070B7-309C-4B16-9A64-2D690061D912}.Release|Any CPU.Build.0 = Release|Any CPU
		{0E811AC0-CBE5-420F-9CEA-104A161C4198}.Debug|Any CPU.ActiveCfg = Debug|Any CPU
		{0E811AC0-CBE5-420F-9CEA-104A161C4198}.Debug|Any CPU.Build.0 = Debug|Any CPU
		{0E811AC0-CBE5-420F-9CEA-104A161C4198}.Release|Any CPU.ActiveCfg = Release|Any CPU
		{0E811AC0-CBE5-420F-9CEA-104A161C4198}.Release|Any CPU.Build.0 = Release|Any CPU
		{5EE23688-43BE-4E17-9A60-B01E10BF4943}.Debug|Any CPU.ActiveCfg = Debug|Any CPU
		{5EE23688-43BE-4E17-9A60-B01E10BF4943}.Debug|Any CPU.Build.0 = Debug|Any CPU
		{5EE23688-43BE-4E17-9A60-B01E10BF4943}.Release|Any CPU.ActiveCfg = Release|Any CPU
		{5EE23688-43BE-4E17-9A60-B01E10BF4943}.Release|Any CPU.Build.0 = Release|Any CPU
		{69D1A960-A5D8-4938-9EBA-0BA0D4B2B66C}.Debug|Any CPU.ActiveCfg = Debug|Any CPU
		{69D1A960-A5D8-4938-9EBA-0BA0D4B2B66C}.Debug|Any CPU.Build.0 = Debug|Any CPU
		{69D1A960-A5D8-4938-9EBA-0BA0D4B2B66C}.Release|Any CPU.ActiveCfg = Release|Any CPU
		{69D1A960-A5D8-4938-9EBA-0BA0D4B2B66C}.Release|Any CPU.Build.0 = Release|Any CPU
		{FB51658F-4454-4594-92A2-23F0A6F263EB}.Debug|Any CPU.ActiveCfg = Debug|Any CPU
		{FB51658F-4454-4594-92A2-23F0A6F263EB}.Debug|Any CPU.Build.0 = Debug|Any CPU
		{FB51658F-4454-4594-92A2-23F0A6F263EB}.Release|Any CPU.ActiveCfg = Release|Any CPU
		{FB51658F-4454-4594-92A2-23F0A6F263EB}.Release|Any CPU.Build.0 = Release|Any CPU
	EndGlobalSection
	GlobalSection(SolutionProperties) = preSolution
		HideSolutionNode = FALSE
	EndGlobalSection
	GlobalSection(NestedProjects) = preSolution
		{33B45816-1818-466E-A8CC-863364A96A93} = {12D5729F-F69D-4500-8224-0EF98C467AD4}
		{ADED2A0B-D909-4A29-98EC-9CC30AA10735} = {12D5729F-F69D-4500-8224-0EF98C467AD4}
		{F68C697A-5B87-4F08-A374-BE2E25D324C2} = {12D5729F-F69D-4500-8224-0EF98C467AD4}
		{4A29C200-3FF1-40CB-8FD3-A188E4D2D4C5} = {F68C697A-5B87-4F08-A374-BE2E25D324C2}
		{DC215A81-D386-4D8A-AF24-89D31FC95770} = {4A29C200-3FF1-40CB-8FD3-A188E4D2D4C5}
		{312070B7-309C-4B16-9A64-2D690061D912} = {33B45816-1818-466E-A8CC-863364A96A93}
		{0E811AC0-CBE5-420F-9CEA-104A161C4198} = {33B45816-1818-466E-A8CC-863364A96A93}
		{5EE23688-43BE-4E17-9A60-B01E10BF4943} = {33B45816-1818-466E-A8CC-863364A96A93}
		{69D1A960-A5D8-4938-9EBA-0BA0D4B2B66C} = {4A29C200-3FF1-40CB-8FD3-A188E4D2D4C5}
		{C15B4AFF-9EDC-407A-B87B-EEA5902A74C0} = {F68C697A-5B87-4F08-A374-BE2E25D324C2}
		{FB51658F-4454-4594-92A2-23F0A6F263EB} = {C15B4AFF-9EDC-407A-B87B-EEA5902A74C0}
	EndGlobalSection
EndGlobal
