
Microsoft Visual Studio Solution File, Format Version 12.00
# Visual Studio Version 18
VisualStudioVersion = 18.0.11217.181 d18.0
MinimumVisualStudioVersion = 10.0.40219.1
Project("{2150E333-8FDC-42A3-9474-1A3956D46DE8}") = "src", "src", "{12D5729F-F69D-4500-8224-0EF98C467AD4}"
EndProject
Project("{2150E333-8FDC-42A3-9474-1A3956D46DE8}") = "docs", "docs", "{0E2DAB0E-4582-45C3-B11C-B64FD89AA39C}"
EndProject
Project("{2150E333-8FDC-42A3-9474-1A3956D46DE8}") = "Common", "Common", "{33B45816-1818-466E-A8CC-863364A96A93}"
EndProject
Project("{2150E333-8FDC-42A3-9474-1A3956D46DE8}") = "EndPoints", "EndPoints", "{ADED2A0B-D909-4A29-98EC-9CC30AA10735}"
EndProject
Project("{2150E333-8FDC-42A3-9474-1A3956D46DE8}") = "Modules", "Modules", "{F68C697A-5B87-4F08-A374-BE2E25D324C2}"
EndProject
Project("{2150E333-8FDC-42A3-9474-1A3956D46DE8}") = "Blog", "Blog", "{4A29C200-3FF1-40CB-8FD3-A188E4D2D4C5}"
EndProject
Project("{FAE04EC0-301F-11D3-BF4B-00C04F79EFBC}") = "BlogModule", "src\Modules\Blog\BlogModule\BlogModule.csproj", "{DC215A81-D386-4D8A-AF24-89D31FC95770}"
EndProject
Project("{FAE04EC0-301F-11D3-BF4B-00C04F79EFBC}") = "Common.Domain", "src\Common\Common.Domain\Common.Domain.csproj", "{312070B7-309C-4B16-9A64-2D690061D912}"
EndProject
Project("{FAE04EC0-301F-11D3-BF4B-00C04F79EFBC}") = "Common.Application", "src\Common\Common.Application\Common.Application.csproj", "{0E811AC0-CBE5-420F-9CEA-104A161C4198}"
EndProject
Project("{FAE04EC0-301F-11D3-BF4B-00C04F79EFBC}") = "Common.Infrastructure", "src\Common\Common.Infrastructure\Common.Infrastructure.csproj", "{5EE23688-43BE-4E17-9A60-B01E10BF4943}"
EndProject
Project("{FAE04EC0-301F-11D3-BF4B-00C04F79EFBC}") = "BlogModule.UnitTests", "src\Modules\Blog\BlogModule.UnitTests\BlogModule.UnitTests.csproj", "{69D1A960-A5D8-4938-9EBA-0BA0D4B2B66C}"
EndProject
Project("{2150E333-8FDC-42A3-9474-1A3956D46DE8}") = "Ticket", "Ticket", "{C15B4AFF-9EDC-407A-B87B-EEA5902A74C0}"
EndProject
Project("{FAE04EC0-301F-11D3-BF4B-00C04F79EFBC}") = "TicketModule", "src\Modules\Ticket\TicketModule\TicketModule.csproj", "{FB51658F-4454-4594-92A2-23F0A6F263EB}"
EndProject
Project("{2150E333-8FDC-42A3-9474-1A3956D46DE8}") = "User", "User", "{0361EE05-ACDF-4A96-A05D-D289358F879F}"
EndProject
Project("{FAE04EC0-301F-11D3-BF4B-00C04F79EFBC}") = "UserModule.Data", "src\Modules\User\UserModule.Data\UserModule.Data.csproj", "{B98BC755-79AF-4BA5-95C2-433FA3FCC607}"
EndProject
Project("{FAE04EC0-301F-11D3-BF4B-00C04F79EFBC}") = "UserModule.Core", "src\Modules\User\UserModule.Core\UserModule.Core.csproj", "{F331B02E-AAE8-48C6-A866-BC774D453BA8}"
EndProject
Project("{FAE04EC0-301F-11D3-BF4B-00C04F79EFBC}") = "Common.Query", "src\Common\Common.Query\Common.Query.csproj", "{2ECC4A05-DB01-49E4-AC44-3CD03A5C0A7A}"
EndProject
Project("{FAE04EC0-301F-11D3-BF4B-00C04F79EFBC}") = "DigiLearn.Web", "src\EndPoints\DigiLearn.Web\DigiLearn.Web.csproj", "{89072738-C231-4554-8055-03D74E4DC18B}"
EndProject
Project("{FAE04EC0-301F-11D3-BF4B-00C04F79EFBC}") = "DigiLearn.Api", "src\EndPoints\DigiLearn.Api\DigiLearn.Api.csproj", "{A17EA100-1608-4E14-BD38-7CA7E30FE949}"
EndProject
Project("{2150E333-8FDC-42A3-9474-1A3956D46DE8}") = "Core", "Core", "{43CDEABB-A4DB-417A-A3D3-757726713D53}"
EndProject
Project("{FAE04EC0-301F-11D3-BF4B-00C04F79EFBC}") = "CoreModule.Domain", "src\Modules\Core\CoreModule.Domain\CoreModule.Domain.csproj", "{8E8E317E-4EC5-4B17-A51C-C979A14D6E7B}"
EndProject
Project("{FAE04EC0-301F-11D3-BF4B-00C04F79EFBC}") = "CoreModule.Application", "src\Modules\Core\CoreModule.Application\CoreModule.Application.csproj", "{9959E93B-0490-4997-9168-E977D946F944}"
EndProject
Project("{FAE04EC0-301F-11D3-BF4B-00C04F79EFBC}") = "CoreModule.Infrastructure", "src\Modules\Core\CoreModule.Infrastructure\CoreModule.Infrastructure.csproj", "{7F9DC17A-FC74-4D28-854C-5CBA4D77C215}"
EndProject
Project("{FAE04EC0-301F-11D3-BF4B-00C04F79EFBC}") = "CoreModule.Query", "src\Modules\Core\CoreModule.Query\CoreModule.Query.csproj", "{7E93F8AA-A693-4BE4-A92F-1CD5EC8C5E59}"
EndProject
Project("{FAE04EC0-301F-11D3-BF4B-00C04F79EFBC}") = "CoreModule.Facade", "src\Modules\Core\CoreModule.Facade\CoreModule.Facade.csproj", "{6436194E-6521-4D9D-8678-75BBBDC55B0B}"
EndProject
Project("{FAE04EC0-301F-11D3-BF4B-00C04F79EFBC}") = "CoreModule.Config", "src\Modules\Core\CoreModule.Config\CoreModule.Config.csproj", "{0836BE9C-F81A-4C6F-A379-76C6759DEC40}"
EndProject
Global
	GlobalSection(SolutionConfigurationPlatforms) = preSolution
		Debug|Any CPU = Debug|Any CPU
		Release|Any CPU = Release|Any CPU
	EndGlobalSection
	GlobalSection(ProjectConfigurationPlatforms) = postSolution
		{DC215A81-D386-4D8A-AF24-89D31FC95770}.Debug|Any CPU.ActiveCfg = Debug|Any CPU
		{DC215A81-D386-4D8A-AF24-89D31FC95770}.Debug|Any CPU.Build.0 = Debug|Any CPU
		{DC215A81-D386-4D8A-AF24-89D31FC95770}.Release|Any CPU.ActiveCfg = Release|Any CPU
		{DC215A81-D386-4D8A-AF24-89D31FC95770}.Release|Any CPU.Build.0 = Release|Any CPU
		{312070B7-309C-4B16-9A64-2D690061D912}.Debug|Any CPU.ActiveCfg = Debug|Any CPU
		{312070B7-309C-4B16-9A64-2D690061D912}.Debug|Any CPU.Build.0 = Debug|Any CPU
		{312070B7-309C-4B16-9A64-2D690061D912}.Release|Any CPU.ActiveCfg = Release|Any CPU
		{312070B7-309C-4B16-9A64-2D690061D912}.Release|Any CPU.Build.0 = Release|Any CPU
		{0E811AC0-CBE5-420F-9CEA-104A161C4198}.Debug|Any CPU.ActiveCfg = Debug|Any CPU
		{0E811AC0-CBE5-420F-9CEA-104A161C4198}.Debug|Any CPU.Build.0 = Debug|Any CPU
		{0E811AC0-CBE5-420F-9CEA-104A161C4198}.Release|Any CPU.ActiveCfg = Release|Any CPU
		{0E811AC0-CBE5-420F-9CEA-104A161C4198}.Release|Any CPU.Build.0 = Release|Any CPU
		{5EE23688-43BE-4E17-9A60-B01E10BF4943}.Debug|Any CPU.ActiveCfg = Debug|Any CPU
		{5EE23688-43BE-4E17-9A60-B01E10BF4943}.Debug|Any CPU.Build.0 = Debug|Any CPU
		{5EE23688-43BE-4E17-9A60-B01E10BF4943}.Release|Any CPU.ActiveCfg = Release|Any CPU
		{5EE23688-43BE-4E17-9A60-B01E10BF4943}.Release|Any CPU.Build.0 = Release|Any CPU
		{69D1A960-A5D8-4938-9EBA-0BA0D4B2B66C}.Debug|Any CPU.ActiveCfg = Debug|Any CPU
		{69D1A960-A5D8-4938-9EBA-0BA0D4B2B66C}.Debug|Any CPU.Build.0 = Debug|Any CPU
		{69D1A960-A5D8-4938-9EBA-0BA0D4B2B66C}.Release|Any CPU.ActiveCfg = Release|Any CPU
		{69D1A960-A5D8-4938-9EBA-0BA0D4B2B66C}.Release|Any CPU.Build.0 = Release|Any CPU
		{FB51658F-4454-4594-92A2-23F0A6F263EB}.Debug|Any CPU.ActiveCfg = Debug|Any CPU
		{FB51658F-4454-4594-92A2-23F0A6F263EB}.Debug|Any CPU.Build.0 = Debug|Any CPU
		{FB51658F-4454-4594-92A2-23F0A6F263EB}.Release|Any CPU.ActiveCfg = Release|Any CPU
		{FB51658F-4454-4594-92A2-23F0A6F263EB}.Release|Any CPU.Build.0 = Release|Any CPU
		{B98BC755-79AF-4BA5-95C2-433FA3FCC607}.Debug|Any CPU.ActiveCfg = Debug|Any CPU
		{B98BC755-79AF-4BA5-95C2-433FA3FCC607}.Debug|Any CPU.Build.0 = Debug|Any CPU
		{B98BC755-79AF-4BA5-95C2-433FA3FCC607}.Release|Any CPU.ActiveCfg = Release|Any CPU
		{B98BC755-79AF-4BA5-95C2-433FA3FCC607}.Release|Any CPU.Build.0 = Release|Any CPU
		{F331B02E-AAE8-48C6-A866-BC774D453BA8}.Debug|Any CPU.ActiveCfg = Debug|Any CPU
		{F331B02E-AAE8-48C6-A866-BC774D453BA8}.Debug|Any CPU.Build.0 = Debug|Any CPU
		{F331B02E-AAE8-48C6-A866-BC774D453BA8}.Release|Any CPU.ActiveCfg = Release|Any CPU
		{F331B02E-AAE8-48C6-A866-BC774D453BA8}.Release|Any CPU.Build.0 = Release|Any CPU
		{2ECC4A05-DB01-49E4-AC44-3CD03A5C0A7A}.Debug|Any CPU.ActiveCfg = Debug|Any CPU
		{2ECC4A05-DB01-49E4-AC44-3CD03A5C0A7A}.Debug|Any CPU.Build.0 = Debug|Any CPU
		{2ECC4A05-DB01-49E4-AC44-3CD03A5C0A7A}.Release|Any CPU.ActiveCfg = Release|Any CPU
		{2ECC4A05-DB01-49E4-AC44-3CD03A5C0A7A}.Release|Any CPU.Build.0 = Release|Any CPU
		{89072738-C231-4554-8055-03D74E4DC18B}.Debug|Any CPU.ActiveCfg = Debug|Any CPU
		{89072738-C231-4554-8055-03D74E4DC18B}.Debug|Any CPU.Build.0 = Debug|Any CPU
		{89072738-C231-4554-8055-03D74E4DC18B}.Release|Any CPU.ActiveCfg = Release|Any CPU
		{89072738-C231-4554-8055-03D74E4DC18B}.Release|Any CPU.Build.0 = Release|Any CPU
		{A17EA100-1608-4E14-BD38-7CA7E30FE949}.Debug|Any CPU.ActiveCfg = Debug|Any CPU
		{A17EA100-1608-4E14-BD38-7CA7E30FE949}.Debug|Any CPU.Build.0 = Debug|Any CPU
		{A17EA100-1608-4E14-BD38-7CA7E30FE949}.Release|Any CPU.ActiveCfg = Release|Any CPU
		{A17EA100-1608-4E14-BD38-7CA7E30FE949}.Release|Any CPU.Build.0 = Release|Any CPU
		{8E8E317E-4EC5-4B17-A51C-C979A14D6E7B}.Debug|Any CPU.ActiveCfg = Debug|Any CPU
		{8E8E317E-4EC5-4B17-A51C-C979A14D6E7B}.Debug|Any CPU.Build.0 = Debug|Any CPU
		{8E8E317E-4EC5-4B17-A51C-C979A14D6E7B}.Release|Any CPU.ActiveCfg = Release|Any CPU
		{8E8E317E-4EC5-4B17-A51C-C979A14D6E7B}.Release|Any CPU.Build.0 = Release|Any CPU
		{9959E93B-0490-4997-9168-E977D946F944}.Debug|Any CPU.ActiveCfg = Debug|Any CPU
		{9959E93B-0490-4997-9168-E977D946F944}.Debug|Any CPU.Build.0 = Debug|Any CPU
		{9959E93B-0490-4997-9168-E977D946F944}.Release|Any CPU.ActiveCfg = Release|Any CPU
		{9959E93B-0490-4997-9168-E977D946F944}.Release|Any CPU.Build.0 = Release|Any CPU
		{7F9DC17A-FC74-4D28-854C-5CBA4D77C215}.Debug|Any CPU.ActiveCfg = Debug|Any CPU
		{7F9DC17A-FC74-4D28-854C-5CBA4D77C215}.Debug|Any CPU.Build.0 = Debug|Any CPU
		{7F9DC17A-FC74-4D28-854C-5CBA4D77C215}.Release|Any CPU.ActiveCfg = Release|Any CPU
		{7F9DC17A-FC74-4D28-854C-5CBA4D77C215}.Release|Any CPU.Build.0 = Release|Any CPU
		{7E93F8AA-A693-4BE4-A92F-1CD5EC8C5E59}.Debug|Any CPU.ActiveCfg = Debug|Any CPU
		{7E93F8AA-A693-4BE4-A92F-1CD5EC8C5E59}.Debug|Any CPU.Build.0 = Debug|Any CPU
		{7E93F8AA-A693-4BE4-A92F-1CD5EC8C5E59}.Release|Any CPU.ActiveCfg = Release|Any CPU
		{7E93F8AA-A693-4BE4-A92F-1CD5EC8C5E59}.Release|Any CPU.Build.0 = Release|Any CPU
		{6436194E-6521-4D9D-8678-75BBBDC55B0B}.Debug|Any CPU.ActiveCfg = Debug|Any CPU
		{6436194E-6521-4D9D-8678-75BBBDC55B0B}.Debug|Any CPU.Build.0 = Debug|Any CPU
		{6436194E-6521-4D9D-8678-75BBBDC55B0B}.Release|Any CPU.ActiveCfg = Release|Any CPU
		{6436194E-6521-4D9D-8678-75BBBDC55B0B}.Release|Any CPU.Build.0 = Release|Any CPU
		{0836BE9C-F81A-4C6F-A379-76C6759DEC40}.Debug|Any CPU.ActiveCfg = Debug|Any CPU
		{0836BE9C-F81A-4C6F-A379-76C6759DEC40}.Debug|Any CPU.Build.0 = Debug|Any CPU
		{0836BE9C-F81A-4C6F-A379-76C6759DEC40}.Release|Any CPU.ActiveCfg = Release|Any CPU
		{0836BE9C-F81A-4C6F-A379-76C6759DEC40}.Release|Any CPU.Build.0 = Release|Any CPU
	EndGlobalSection
	GlobalSection(SolutionProperties) = preSolution
		HideSolutionNode = FALSE
	EndGlobalSection
	GlobalSection(NestedProjects) = preSolution
		{33B45816-1818-466E-A8CC-863364A96A93} = {12D5729F-F69D-4500-8224-0EF98C467AD4}
		{ADED2A0B-D909-4A29-98EC-9CC30AA10735} = {12D5729F-F69D-4500-8224-0EF98C467AD4}
		{F68C697A-5B87-4F08-A374-BE2E25D324C2} = {12D5729F-F69D-4500-8224-0EF98C467AD4}
		{4A29C200-3FF1-40CB-8FD3-A188E4D2D4C5} = {F68C697A-5B87-4F08-A374-BE2E25D324C2}
		{DC215A81-D386-4D8A-AF24-89D31FC95770} = {4A29C200-3FF1-40CB-8FD3-A188E4D2D4C5}
		{312070B7-309C-4B16-9A64-2D690061D912} = {33B45816-1818-466E-A8CC-863364A96A93}
		{0E811AC0-CBE5-420F-9CEA-104A161C4198} = {33B45816-1818-466E-A8CC-863364A96A93}
		{5EE23688-43BE-4E17-9A60-B01E10BF4943} = {33B45816-1818-466E-A8CC-863364A96A93}
		{69D1A960-A5D8-4938-9EBA-0BA0D4B2B66C} = {4A29C200-3FF1-40CB-8FD3-A188E4D2D4C5}
		{C15B4AFF-9EDC-407A-B87B-EEA5902A74C0} = {F68C697A-5B87-4F08-A374-BE2E25D324C2}
		{FB51658F-4454-4594-92A2-23F0A6F263EB} = {C15B4AFF-9EDC-407A-B87B-EEA5902A74C0}
		{0361EE05-ACDF-4A96-A05D-D289358F879F} = {F68C697A-5B87-4F08-A374-BE2E25D324C2}
		{B98BC755-79AF-4BA5-95C2-433FA3FCC607} = {0361EE05-ACDF-4A96-A05D-D289358F879F}
		{F331B02E-AAE8-48C6-A866-BC774D453BA8} = {0361EE05-ACDF-4A96-A05D-D289358F879F}
		{2ECC4A05-DB01-49E4-AC44-3CD03A5C0A7A} = {33B45816-1818-466E-A8CC-863364A96A93}
		{89072738-C231-4554-8055-03D74E4DC18B} = {ADED2A0B-D909-4A29-98EC-9CC30AA10735}
		{A17EA100-1608-4E14-BD38-7CA7E30FE949} = {ADED2A0B-D909-4A29-98EC-9CC30AA10735}
		{43CDEABB-A4DB-417A-A3D3-757726713D53} = {F68C697A-5B87-4F08-A374-BE2E25D324C2}
		{8E8E317E-4EC5-4B17-A51C-C979A14D6E7B} = {43CDEABB-A4DB-417A-A3D3-757726713D53}
		{9959E93B-0490-4997-9168-E977D946F944} = {43CDEABB-A4DB-417A-A3D3-757726713D53}
		{7F9DC17A-FC74-4D28-854C-5CBA4D77C215} = {43CDEABB-A4DB-417A-A3D3-757726713D53}
		{7E93F8AA-A693-4BE4-A92F-1CD5EC8C5E59} = {43CDEABB-A4DB-417A-A3D3-757726713D53}
		{6436194E-6521-4D9D-8678-75BBBDC55B0B} = {43CDEABB-A4DB-417A-A3D3-757726713D53}
		{0836BE9C-F81A-4C6F-A379-76C6759DEC40} = {43CDEABB-A4DB-417A-A3D3-757726713D53}
	EndGlobalSection
	GlobalSection(ExtensibilityGlobals) = postSolution
		SolutionGuid = {0524D188-F9F5-4A3E-B951-F10A4027F608}
	EndGlobalSection
EndGlobal
